// !$*UTF8*$!
{
	archiveVersion = 1;
	classes = {
	};
	objectVersion = 46;
	objects = {

/* Begin PBXBuildFile section */
		B606F33D18451D0F009E5D1B /* Foundation.framework in Frameworks */ = {isa = PBXBuildFile; fileRef = B606F33C18451D0F009E5D1B /* Foundation.framework */; };
		B606F33F18451D0F009E5D1B /* CoreGraphics.framework in Frameworks */ = {isa = PBXBuildFile; fileRef = B606F33E18451D0F009E5D1B /* CoreGraphics.framework */; };
		B606F34118451D0F009E5D1B /* UIKit.framework in Frameworks */ = {isa = PBXBuildFile; fileRef = B606F34018451D0F009E5D1B /* UIKit.framework */; };
		B606F34718451D0F009E5D1B /* InfoPlist.strings in Resources */ = {isa = PBXBuildFile; fileRef = B606F34518451D0F009E5D1B /* InfoPlist.strings */; };
		B606F34918451D0F009E5D1B /* main.m in Sources */ = {isa = PBXBuildFile; fileRef = B606F34818451D0F009E5D1B /* main.m */; };
		B606F34D18451D0F009E5D1B /* AppDelegate.m in Sources */ = {isa = PBXBuildFile; fileRef = B606F34C18451D0F009E5D1B /* AppDelegate.m */; };
		B606F35018451D0F009E5D1B /* Main.storyboard in Resources */ = {isa = PBXBuildFile; fileRef = B606F34E18451D0F009E5D1B /* Main.storyboard */; };
		B606F35318451D0F009E5D1B /* FirstViewController.m in Sources */ = {isa = PBXBuildFile; fileRef = B606F35218451D0F009E5D1B /* FirstViewController.m */; };
		B606F35618451D0F009E5D1B /* SecondViewController.m in Sources */ = {isa = PBXBuildFile; fileRef = B606F35518451D0F009E5D1B /* SecondViewController.m */; };
		B606F35818451D0F009E5D1B /* Images.xcassets in Resources */ = {isa = PBXBuildFile; fileRef = B606F35718451D0F009E5D1B /* Images.xcassets */; };
		B606F35F18451D0F009E5D1B /* XCTest.framework in Frameworks */ = {isa = PBXBuildFile; fileRef = B606F35E18451D0F009E5D1B /* XCTest.framework */; };
		B606F36018451D0F009E5D1B /* Foundation.framework in Frameworks */ = {isa = PBXBuildFile; fileRef = B606F33C18451D0F009E5D1B /* Foundation.framework */; };
		B606F36118451D0F009E5D1B /* UIKit.framework in Frameworks */ = {isa = PBXBuildFile; fileRef = B606F34018451D0F009E5D1B /* UIKit.framework */; };
		B606F36918451D0F009E5D1B /* InfoPlist.strings in Resources */ = {isa = PBXBuildFile; fileRef = B606F36718451D0F009E5D1B /* InfoPlist.strings */; };
		B606F36B18451D0F009E5D1B /* TestAutoLayoutTests.m in Sources */ = {isa = PBXBuildFile; fileRef = B606F36A18451D0F009E5D1B /* TestAutoLayoutTests.m */; };
		B606F37618451D94009E5D1B /* UIView.m in Sources */ = {isa = PBXBuildFile; fileRef = B606F37518451D94009E5D1B /* UIView.m */; };
		B606F378184523A1009E5D1B /* Teaching To The Test.gif in Resources */ = {isa = PBXBuildFile; fileRef = B606F377184523A1009E5D1B /* Teaching To The Test.gif */; };
		B60AD57D18469BB100DDA864 /* FloatingViewController.m in Sources */ = {isa = PBXBuildFile; fileRef = B60AD57C18469BB100DDA864 /* FloatingViewController.m */; };
		B61C3CCC184546A2004CB84F /* UIView+test.m in Sources */ = {isa = PBXBuildFile; fileRef = B61C3CCB184546A2004CB84F /* UIView+test.m */; };
/* End PBXBuildFile section */

/* Begin PBXContainerItemProxy section */
		B606F36218451D0F009E5D1B /* PBXContainerItemProxy */ = {
			isa = PBXContainerItemProxy;
			containerPortal = B606F33118451D0F009E5D1B /* Project object */;
			proxyType = 1;
			remoteGlobalIDString = B606F33818451D0F009E5D1B;
			remoteInfo = TestAutoLayout;
		};
/* End PBXContainerItemProxy section */

/* Begin PBXFileReference section */
		B606F33918451D0F009E5D1B /* TestAutoLayout.app */ = {isa = PBXFileReference; explicitFileType = wrapper.application; includeInIndex = 0; path = TestAutoLayout.app; sourceTree = BUILT_PRODUCTS_DIR; };
		B606F33C18451D0F009E5D1B /* Foundation.framework */ = {isa = PBXFileReference; lastKnownFileType = wrapper.framework; name = Foundation.framework; path = System/Library/Frameworks/Foundation.framework; sourceTree = SDKROOT; };
		B606F33E18451D0F009E5D1B /* CoreGraphics.framework */ = {isa = PBXFileReference; lastKnownFileType = wrapper.framework; name = CoreGraphics.framework; path = System/Library/Frameworks/CoreGraphics.framework; sourceTree = SDKROOT; };
		B606F34018451D0F009E5D1B /* UIKit.framework */ = {isa = PBXFileReference; lastKnownFileType = wrapper.framework; name = UIKit.framework; path = System/Library/Frameworks/UIKit.framework; sourceTree = SDKROOT; };
		B606F34418451D0F009E5D1B /* TestAutoLayout-Info.plist */ = {isa = PBXFileReference; lastKnownFileType = text.plist.xml; path = "TestAutoLayout-Info.plist"; sourceTree = "<group>"; };
		B606F34618451D0F009E5D1B /* en */ = {isa = PBXFileReference; lastKnownFileType = text.plist.strings; name = en; path = en.lproj/InfoPlist.strings; sourceTree = "<group>"; };
		B606F34818451D0F009E5D1B /* main.m */ = {isa = PBXFileReference; lastKnownFileType = sourcecode.c.objc; path = main.m; sourceTree = "<group>"; };
		B606F34A18451D0F009E5D1B /* TestAutoLayout-Prefix.pch */ = {isa = PBXFileReference; lastKnownFileType = sourcecode.c.h; path = "TestAutoLayout-Prefix.pch"; sourceTree = "<group>"; };
		B606F34B18451D0F009E5D1B /* AppDelegate.h */ = {isa = PBXFileReference; lastKnownFileType = sourcecode.c.h; path = AppDelegate.h; sourceTree = "<group>"; };
		B606F34C18451D0F009E5D1B /* AppDelegate.m */ = {isa = PBXFileReference; lastKnownFileType = sourcecode.c.objc; path = AppDelegate.m; sourceTree = "<group>"; };
		B606F34F18451D0F009E5D1B /* Base */ = {isa = PBXFileReference; lastKnownFileType = file.storyboard; name = Base; path = Base.lproj/Main.storyboard; sourceTree = "<group>"; };
		B606F35118451D0F009E5D1B /* FirstViewController.h */ = {isa = PBXFileReference; lastKnownFileType = sourcecode.c.h; path = FirstViewController.h; sourceTree = "<group>"; };
		B606F35218451D0F009E5D1B /* FirstViewController.m */ = {isa = PBXFileReference; lastKnownFileType = sourcecode.c.objc; path = FirstViewController.m; sourceTree = "<group>"; };
		B606F35418451D0F009E5D1B /* SecondViewController.h */ = {isa = PBXFileReference; lastKnownFileType = sourcecode.c.h; path = SecondViewController.h; sourceTree = "<group>"; };
		B606F35518451D0F009E5D1B /* SecondViewController.m */ = {isa = PBXFileReference; lastKnownFileType = sourcecode.c.objc; path = SecondViewController.m; sourceTree = "<group>"; };
		B606F35718451D0F009E5D1B /* Images.xcassets */ = {isa = PBXFileReference; lastKnownFileType = folder.assetcatalog; path = Images.xcassets; sourceTree = "<group>"; };
		B606F35D18451D0F009E5D1B /* TestAutoLayoutTests.xctest */ = {isa = PBXFileReference; explicitFileType = wrapper.cfbundle; includeInIndex = 0; path = TestAutoLayoutTests.xctest; sourceTree = BUILT_PRODUCTS_DIR; };
		B606F35E18451D0F009E5D1B /* XCTest.framework */ = {isa = PBXFileReference; lastKnownFileType = wrapper.framework; name = XCTest.framework; path = Library/Frameworks/XCTest.framework; sourceTree = DEVELOPER_DIR; };
		B606F36618451D0F009E5D1B /* TestAutoLayoutTests-Info.plist */ = {isa = PBXFileReference; lastKnownFileType = text.plist.xml; path = "TestAutoLayoutTests-Info.plist"; sourceTree = "<group>"; };
		B606F36818451D0F009E5D1B /* en */ = {isa = PBXFileReference; lastKnownFileType = text.plist.strings; name = en; path = en.lproj/InfoPlist.strings; sourceTree = "<group>"; };
		B606F36A18451D0F009E5D1B /* TestAutoLayoutTests.m */ = {isa = PBXFileReference; lastKnownFileType = sourcecode.c.objc; path = TestAutoLayoutTests.m; sourceTree = "<group>"; };
		B606F37418451D94009E5D1B /* UIView.h */ = {isa = PBXFileReference; fileEncoding = 4; lastKnownFileType = sourcecode.c.h; path = UIView.h; sourceTree = "<group>"; };
		B606F37518451D94009E5D1B /* UIView.m */ = {isa = PBXFileReference; fileEncoding = 4; lastKnownFileType = sourcecode.c.objc; path = UIView.m; sourceTree = "<group>"; };
		B606F377184523A1009E5D1B /* Teaching To The Test.gif */ = {isa = PBXFileReference; lastKnownFileType = image.gif; path = "Teaching To The Test.gif"; sourceTree = "<group>"; };
		B60AD57B18469BB100DDA864 /* FloatingViewController.h */ = {isa = PBXFileReference; fileEncoding = 4; lastKnownFileType = sourcecode.c.h; path = FloatingViewController.h; sourceTree = "<group>"; };
		B60AD57C18469BB100DDA864 /* FloatingViewController.m */ = {isa = PBXFileReference; fileEncoding = 4; lastKnownFileType = sourcecode.c.objc; path = FloatingViewController.m; sourceTree = "<group>"; };
		B61C3CCA184546A2004CB84F /* UIView+test.h */ = {isa = PBXFileReference; fileEncoding = 4; lastKnownFileType = sourcecode.c.h; path = "UIView+test.h"; sourceTree = "<group>"; };
		B61C3CCB184546A2004CB84F /* UIView+test.m */ = {isa = PBXFileReference; fileEncoding = 4; lastKnownFileType = sourcecode.c.objc; path = "UIView+test.m"; sourceTree = "<group>"; };
/* End PBXFileReference section */

/* Begin PBXFrameworksBuildPhase section */
		B606F33618451D0F009E5D1B /* Frameworks */ = {
			isa = PBXFrameworksBuildPhase;
			buildActionMask = 2147483647;
			files = (
				B606F33F18451D0F009E5D1B /* CoreGraphics.framework in Frameworks */,
				B606F34118451D0F009E5D1B /* UIKit.framework in Frameworks */,
				B606F33D18451D0F009E5D1B /* Foundation.framework in Frameworks */,
			);
			runOnlyForDeploymentPostprocessing = 0;
		};
		B606F35A18451D0F009E5D1B /* Frameworks */ = {
			isa = PBXFrameworksBuildPhase;
			buildActionMask = 2147483647;
			files = (
				B606F35F18451D0F009E5D1B /* XCTest.framework in Frameworks */,
				B606F36118451D0F009E5D1B /* UIKit.framework in Frameworks */,
				B606F36018451D0F009E5D1B /* Foundation.framework in Frameworks */,
			);
			runOnlyForDeploymentPostprocessing = 0;
		};
/* End PBXFrameworksBuildPhase section */

/* Begin PBXGroup section */
		B606F33018451D0F009E5D1B = {
			isa = PBXGroup;
			children = (
				B61C3CCA184546A2004CB84F /* UIView+test.h */,
				B61C3CCB184546A2004CB84F /* UIView+test.m */,
				B606F34218451D0F009E5D1B /* TestAutoLayout */,
				B606F36418451D0F009E5D1B /* TestAutoLayoutTests */,
				B606F33B18451D0F009E5D1B /* Frameworks */,
				B606F33A18451D0F009E5D1B /* Products */,
			);
			sourceTree = "<group>";
		};
		B606F33A18451D0F009E5D1B /* Products */ = {
			isa = PBXGroup;
			children = (
				B606F33918451D0F009E5D1B /* TestAutoLayout.app */,
				B606F35D18451D0F009E5D1B /* TestAutoLayoutTests.xctest */,
			);
			name = Products;
			sourceTree = "<group>";
		};
		B606F33B18451D0F009E5D1B /* Frameworks */ = {
			isa = PBXGroup;
			children = (
				B606F33C18451D0F009E5D1B /* Foundation.framework */,
				B606F33E18451D0F009E5D1B /* CoreGraphics.framework */,
				B606F34018451D0F009E5D1B /* UIKit.framework */,
				B606F35E18451D0F009E5D1B /* XCTest.framework */,
			);
			name = Frameworks;
			sourceTree = "<group>";
		};
		B606F34218451D0F009E5D1B /* TestAutoLayout */ = {
			isa = PBXGroup;
			children = (
				B606F377184523A1009E5D1B /* Teaching To The Test.gif */,
				B606F34B18451D0F009E5D1B /* AppDelegate.h */,
				B606F34C18451D0F009E5D1B /* AppDelegate.m */,
				B606F34E18451D0F009E5D1B /* Main.storyboard */,
				B606F35118451D0F009E5D1B /* FirstViewController.h */,
				B606F35218451D0F009E5D1B /* FirstViewController.m */,
				B606F35418451D0F009E5D1B /* SecondViewController.h */,
				B606F35518451D0F009E5D1B /* SecondViewController.m */,
				B606F35718451D0F009E5D1B /* Images.xcassets */,
				B606F34318451D0F009E5D1B /* Supporting Files */,
				B606F37418451D94009E5D1B /* UIView.h */,
				B606F37518451D94009E5D1B /* UIView.m */,
				B60AD57B18469BB100DDA864 /* FloatingViewController.h */,
				B60AD57C18469BB100DDA864 /* FloatingViewController.m */,
			);
			path = TestAutoLayout;
			sourceTree = "<group>";
		};
		B606F34318451D0F009E5D1B /* Supporting Files */ = {
			isa = PBXGroup;
			children = (
				B606F34418451D0F009E5D1B /* TestAutoLayout-Info.plist */,
				B606F34518451D0F009E5D1B /* InfoPlist.strings */,
				B606F34818451D0F009E5D1B /* main.m */,
				B606F34A18451D0F009E5D1B /* TestAutoLayout-Prefix.pch */,
			);
			name = "Supporting Files";
			sourceTree = "<group>";
		};
		B606F36418451D0F009E5D1B /* TestAutoLayoutTests */ = {
			isa = PBXGroup;
			children = (
				B606F36A18451D0F009E5D1B /* TestAutoLayoutTests.m */,
				B606F36518451D0F009E5D1B /* Supporting Files */,
			);
			path = TestAutoLayoutTests;
			sourceTree = "<group>";
		};
		B606F36518451D0F009E5D1B /* Supporting Files */ = {
			isa = PBXGroup;
			children = (
				B606F36618451D0F009E5D1B /* TestAutoLayoutTests-Info.plist */,
				B606F36718451D0F009E5D1B /* InfoPlist.strings */,
			);
			name = "Supporting Files";
			sourceTree = "<group>";
		};
/* End PBXGroup section */

/* Begin PBXNativeTarget section */
		B606F33818451D0F009E5D1B /* TestAutoLayout */ = {
			isa = PBXNativeTarget;
			buildConfigurationList = B606F36E18451D0F009E5D1B /* Build configuration list for PBXNativeTarget "TestAutoLayout" */;
			buildPhases = (
				B606F33518451D0F009E5D1B /* Sources */,
				B606F33618451D0F009E5D1B /* Frameworks */,
				B606F33718451D0F009E5D1B /* Resources */,
			);
			buildRules = (
			);
			dependencies = (
			);
			name = TestAutoLayout;
			productName = TestAutoLayout;
			productReference = B606F33918451D0F009E5D1B /* TestAutoLayout.app */;
			productType = "com.apple.product-type.application";
		};
		B606F35C18451D0F009E5D1B /* TestAutoLayoutTests */ = {
			isa = PBXNativeTarget;
			buildConfigurationList = B606F37118451D0F009E5D1B /* Build configuration list for PBXNativeTarget "TestAutoLayoutTests" */;
			buildPhases = (
				B606F35918451D0F009E5D1B /* Sources */,
				B606F35A18451D0F009E5D1B /* Frameworks */,
				B606F35B18451D0F009E5D1B /* Resources */,
			);
			buildRules = (
			);
			dependencies = (
				B606F36318451D0F009E5D1B /* PBXTargetDependency */,
			);
			name = TestAutoLayoutTests;
			productName = TestAutoLayoutTests;
			productReference = B606F35D18451D0F009E5D1B /* TestAutoLayoutTests.xctest */;
			productType = "com.apple.product-type.bundle.unit-test";
		};
/* End PBXNativeTarget section */

/* Begin PBXProject section */
		B606F33118451D0F009E5D1B /* Project object */ = {
			isa = PBXProject;
			attributes = {
				LastUpgradeCheck = 0500;
				ORGANIZATIONNAME = "Moises Rojas";
				TargetAttributes = {
					B606F35C18451D0F009E5D1B = {
						TestTargetID = B606F33818451D0F009E5D1B;
					};
				};
			};
			buildConfigurationList = B606F33418451D0F009E5D1B /* Build configuration list for PBXProject "TestAutoLayout" */;
			compatibilityVersion = "Xcode 3.2";
			developmentRegion = English;
			hasScannedForEncodings = 0;
			knownRegions = (
				en,
				Base,
			);
			mainGroup = B606F33018451D0F009E5D1B;
			productRefGroup = B606F33A18451D0F009E5D1B /* Products */;
			projectDirPath = "";
			projectRoot = "";
			targets = (
				B606F33818451D0F009E5D1B /* TestAutoLayout */,
				B606F35C18451D0F009E5D1B /* TestAutoLayoutTests */,
			);
		};
/* End PBXProject section */

/* Begin PBXResourcesBuildPhase section */
		B606F33718451D0F009E5D1B /* Resources */ = {
			isa = PBXResourcesBuildPhase;
			buildActionMask = 2147483647;
			files = (
				B606F35818451D0F009E5D1B /* Images.xcassets in Resources */,
				B606F34718451D0F009E5D1B /* InfoPlist.strings in Resources */,
				B606F35018451D0F009E5D1B /* Main.storyboard in Resources */,
				B606F378184523A1009E5D1B /* Teaching To The Test.gif in Resources */,
			);
			runOnlyForDeploymentPostprocessing = 0;
		};
		B606F35B18451D0F009E5D1B /* Resources */ = {
			isa = PBXResourcesBuildPhase;
			buildActionMask = 2147483647;
			files = (
				B606F36918451D0F009E5D1B /* InfoPlist.strings in Resources */,
			);
			runOnlyForDeploymentPostprocessing = 0;
		};
/* End PBXResourcesBuildPhase section */

/* Begin PBXSourcesBuildPhase section */
		B606F33518451D0F009E5D1B /* Sources */ = {
			isa = PBXSourcesBuildPhase;
			buildActionMask = 2147483647;
			files = (
				B61C3CCC184546A2004CB84F /* UIView+test.m in Sources */,
				B606F35618451D0F009E5D1B /* SecondViewController.m in Sources */,
				B606F34D18451D0F009E5D1B /* AppDelegate.m in Sources */,
				B606F35318451D0F009E5D1B /* FirstViewController.m in Sources */,
				B60AD57D18469BB100DDA864 /* FloatingViewController.m in Sources */,
				B606F34918451D0F009E5D1B /* main.m in Sources */,
				B606F37618451D94009E5D1B /* UIView.m in Sources */,
			);
			runOnlyForDeploymentPostprocessing = 0;
		};
		B606F35918451D0F009E5D1B /* Sources */ = {
			isa = PBXSourcesBuildPhase;
			buildActionMask = 2147483647;
			files = (
				B606F36B18451D0F009E5D1B /* TestAutoLayoutTests.m in Sources */,
			);
			runOnlyForDeploymentPostprocessing = 0;
		};
/* End PBXSourcesBuildPhase section */

/* Begin PBXTargetDependency section */
		B606F36318451D0F009E5D1B /* PBXTargetDependency */ = {
			isa = PBXTargetDependency;
			target = B606F33818451D0F009E5D1B /* TestAutoLayout */;
			targetProxy = B606F36218451D0F009E5D1B /* PBXContainerItemProxy */;
		};
/* End PBXTargetDependency section */

/* Begin PBXVariantGroup section */
		B606F34518451D0F009E5D1B /* InfoPlist.strings */ = {
			isa = PBXVariantGroup;
			children = (
				B606F34618451D0F009E5D1B /* en */,
			);
			name = InfoPlist.strings;
			sourceTree = "<group>";
		};
		B606F34E18451D0F009E5D1B /* Main.storyboard */ = {
			isa = PBXVariantGroup;
			children = (
				B606F34F18451D0F009E5D1B /* Base */,
			);
			name = Main.storyboard;
			sourceTree = "<group>";
		};
		B606F36718451D0F009E5D1B /* InfoPlist.strings */ = {
			isa = PBXVariantGroup;
			children = (
				B606F36818451D0F009E5D1B /* en */,
			);
			name = InfoPlist.strings;
			sourceTree = "<group>";
		};
/* End PBXVariantGroup section */

/* Begin XCBuildConfiguration section */
		B606F36C18451D0F009E5D1B /* Debug */ = {
			isa = XCBuildConfiguration;
			buildSettings = {
				ALWAYS_SEARCH_USER_PATHS = NO;
				ARCHS = "$(ARCHS_STANDARD_INCLUDING_64_BIT)";
				CLANG_CXX_LANGUAGE_STANDARD = "gnu++0x";
				CLANG_CXX_LIBRARY = "libc++";
				CLANG_ENABLE_MODULES = YES;
				CLANG_ENABLE_OBJC_ARC = YES;
				CLANG_WARN_BOOL_CONVERSION = YES;
				CLANG_WARN_CONSTANT_CONVERSION = YES;
				CLANG_WARN_DIRECT_OBJC_ISA_USAGE = YES_ERROR;
				CLANG_WARN_EMPTY_BODY = YES;
				CLANG_WARN_ENUM_CONVERSION = YES;
				CLANG_WARN_INT_CONVERSION = YES;
				CLANG_WARN_OBJC_ROOT_CLASS = YES_ERROR;
				CLANG_WARN__DUPLICATE_METHOD_MATCH = YES;
				"CODE_SIGN_IDENTITY[sdk=iphoneos*]" = "iPhone Developer";
				COPY_PHASE_STRIP = NO;
				GCC_C_LANGUAGE_STANDARD = gnu99;
				GCC_DYNAMIC_NO_PIC = NO;
				GCC_OPTIMIZATION_LEVEL = 0;
				GCC_PREPROCESSOR_DEFINITIONS = (
					"DEBUG=1",
					"$(inherited)",
				);
				GCC_SYMBOLS_PRIVATE_EXTERN = NO;
				GCC_WARN_64_TO_32_BIT_CONVERSION = YES;
				GCC_WARN_ABOUT_RETURN_TYPE = YES_ERROR;
				GCC_WARN_UNDECLARED_SELECTOR = YES;
				GCC_WARN_UNINITIALIZED_AUTOS = YES;
				GCC_WARN_UNUSED_FUNCTION = YES;
				GCC_WARN_UNUSED_VARIABLE = YES;
				IPHONEOS_DEPLOYMENT_TARGET = 7.0;
				ONLY_ACTIVE_ARCH = YES;
				SDKROOT = iphoneos;
			};
			name = Debug;
		};
		B606F36D18451D0F009E5D1B /* Release */ = {
			isa = XCBuildConfiguration;
			buildSettings = {
				ALWAYS_SEARCH_USER_PATHS = NO;
				ARCHS = "$(ARCHS_STANDARD_INCLUDING_64_BIT)";
				CLANG_CXX_LANGUAGE_STANDARD = "gnu++0x";
				CLANG_CXX_LIBRARY = "libc++";
				CLANG_ENABLE_MODULES = YES;
				CLANG_ENABLE_OBJC_ARC = YES;
				CLANG_WARN_BOOL_CONVERSION = YES;
				CLANG_WARN_CONSTANT_CONVERSION = YES;
				CLANG_WARN_DIRECT_OBJC_ISA_USAGE = YES_ERROR;
				CLANG_WARN_EMPTY_BODY = YES;
				CLANG_WARN_ENUM_CONVERSION = YES;
				CLANG_WARN_INT_CONVERSION = YES;
				CLANG_WARN_OBJC_ROOT_CLASS = YES_ERROR;
				CLANG_WARN__DUPLICATE_METHOD_MATCH = YES;
				"CODE_SIGN_IDENTITY[sdk=iphoneos*]" = "iPhone Developer";
				COPY_PHASE_STRIP = YES;
				ENABLE_NS_ASSERTIONS = NO;
				GCC_C_LANGUAGE_STANDARD = gnu99;
				GCC_WARN_64_TO_32_BIT_CONVERSION = YES;
				GCC_WARN_ABOUT_RETURN_TYPE = YES_ERROR;
				GCC_WARN_UNDECLARED_SELECTOR = YES;
				GCC_WARN_UNINITIALIZED_AUTOS = YES;
				GCC_WARN_UNUSED_FUNCTION = YES;
				GCC_WARN_UNUSED_VARIABLE = YES;
				IPHONEOS_DEPLOYMENT_TARGET = 7.0;
				SDKROOT = iphoneos;
				VALIDATE_PRODUCT = YES;
			};
			name = Release;
		};
		B606F36F18451D0F009E5D1B /* Debug */ = {
			isa = XCBuildConfiguration;
			buildSettings = {
				ASSETCATALOG_COMPILER_APPICON_NAME = AppIcon;
				ASSETCATALOG_COMPILER_LAUNCHIMAGE_NAME = LaunchImage;
				GCC_PRECOMPILE_PREFIX_HEADER = YES;
				GCC_PREFIX_HEADER = "TestAutoLayout/TestAutoLayout-Prefix.pch";
				INFOPLIST_FILE = "TestAutoLayout/TestAutoLayout-Info.plist";
				IPHONEOS_DEPLOYMENT_TARGET = 6.0;
				PRODUCT_NAME = "$(TARGET_NAME)";
				SDKROOT = iphoneos6.1;
				WRAPPER_EXTENSION = app;
			};
			name = Debug;
		};
		B606F37018451D0F009E5D1B /* Release */ = {
			isa = XCBuildConfiguration;
			buildSettings = {
				ASSETCATALOG_COMPILER_APPICON_NAME = AppIcon;
				ASSETCATALOG_COMPILER_LAUNCHIMAGE_NAME = LaunchImage;
				GCC_PRECOMPILE_PREFIX_HEADER = YES;
				GCC_PREFIX_HEADER = "TestAutoLayout/TestAutoLayout-Prefix.pch";
				INFOPLIST_FILE = "TestAutoLayout/TestAutoLayout-Info.plist";
				IPHONEOS_DEPLOYMENT_TARGET = 6.0;
				PRODUCT_NAME = "$(TARGET_NAME)";
				SDKROOT = iphoneos6.1;
				WRAPPER_EXTENSION = app;
			};
			name = Release;
		};
		B606F37218451D0F009E5D1B /* Debug */ = {
			isa = XCBuildConfiguration;
			buildSettings = {
				ARCHS = "$(ARCHS_STANDARD_INCLUDING_64_BIT)";
				BUNDLE_LOADER = "$(BUILT_PRODUCTS_DIR)/TestAutoLayout.app/TestAutoLayout";
				FRAMEWORK_SEARCH_PATHS = (
					"$(SDKROOT)/Developer/Library/Frameworks",
					"$(inherited)",
					"$(DEVELOPER_FRAMEWORKS_DIR)",
				);
				GCC_PRECOMPILE_PREFIX_HEADER = YES;
				GCC_PREFIX_HEADER = "TestAutoLayout/TestAutoLayout-Prefix.pch";
				GCC_PREPROCESSOR_DEFINITIONS = (
					"DEBUG=1",
					"$(inherited)",
				);
				INFOPLIST_FILE = "TestAutoLayoutTests/TestAutoLayoutTests-Info.plist";
				PRODUCT_NAME = "$(TARGET_NAME)";
				TEST_HOST = "$(BUNDLE_LOADER)";
				WRAPPER_EXTENSION = xctest;
			};
			name = Debug;
		};
		B606F37318451D0F009E5D1B /* Release */ = {
			isa = XCBuildConfiguration;
			buildSettings = {
				ARCHS = "$(ARCHS_STANDARD_INCLUDING_64_BIT)";
				BUNDLE_LOADER = "$(BUILT_PRODUCTS_DIR)/TestAutoLayout.app/TestAutoLayout";
				FRAMEWORK_SEARCH_PATHS = (
					"$(SDKROOT)/Developer/Library/Frameworks",
					"$(inherited)",
					"$(DEVELOPER_FRAMEWORKS_DIR)",
				);
				GCC_PRECOMPILE_PREFIX_HEADER = YES;
				GCC_PREFIX_HEADER = "TestAutoLayout/TestAutoLayout-Prefix.pch";
				INFOPLIST_FILE = "TestAutoLayoutTests/TestAutoLayoutTests-Info.plist";
				PRODUCT_NAME = "$(TARGET_NAME)";
				TEST_HOST = "$(BUNDLE_LOADER)";
				WRAPPER_EXTENSION = xctest;
			};
			name = Release;
		};
/* End XCBuildConfiguration section */

/* Begin XCConfigurationList section */
		B606F33418451D0F009E5D1B /* Build configuration list for PBXProject "TestAutoLayout" */ = {
			isa = XCConfigurationList;
			buildConfigurations = (
				B606F36C18451D0F009E5D1B /* Debug */,
				B606F36D18451D0F009E5D1B /* Release */,
			);
			defaultConfigurationIsVisible = 0;
			defaultConfigurationName = Release;
		};
		B606F36E18451D0F009E5D1B /* Build configuration list for PBXNativeTarget "TestAutoLayout" */ = {
			isa = XCConfigurationList;
			buildConfigurations = (
				B606F36F18451D0F009E5D1B /* Debug */,
				B606F37018451D0F009E5D1B /* Release */,
			);
			defaultConfigurationIsVisible = 0;
			defaultConfigurationName = Release;
		};
		B606F37118451D0F009E5D1B /* Build configuration list for PBXNativeTarget "TestAutoLayoutTests" */ = {
			isa = XCConfigurationList;
			buildConfigurations = (
				B606F37218451D0F009E5D1B /* Debug */,
				B606F37318451D0F009E5D1B /* Release */,
			);
			defaultConfigurationIsVisible = 0;
			defaultConfigurationName = Release;
		};
/* End XCConfigurationList section */
	};
	rootObject = B606F33118451D0F009E5D1B /* Project object */;
}
